
Microsoft Visual Studio Solution File, Format Version 12.00
# Visual Studio 15
VisualStudioVersion = 15.0.28307.168
MinimumVisualStudioVersion = 10.0.40219.1
Project("{FAE04EC0-301F-11D3-BF4B-00C04F79EFBC}") = "MatchandMeet.Android", "MatchandMeet\MatchandMeet.Android\MatchandMeet.Android.csproj", "{6210FB2F-869F-456F-A75B-BFFDFBD9E4FF}"
EndProject
Project("{FAE04EC0-301F-11D3-BF4B-00C04F79EFBC}") = "MatchandMeet", "MatchandMeet\MatchandMeet\MatchandMeet.csproj", "{2A958B6E-D3E3-4A17-9EFD-DFC2602BAFF8}"
EndProject
Global
	GlobalSection(SolutionConfigurationPlatforms) = preSolution
		Debug|Any CPU = Debug|Any CPU
		Release|Any CPU = Release|Any CPU
	EndGlobalSection
	GlobalSection(ProjectConfigurationPlatforms) = postSolution
		{6210FB2F-869F-456F-A75B-BFFDFBD9E4FF}.Debug|Any CPU.ActiveCfg = Debug|Any CPU
		{6210FB2F-869F-456F-A75B-BFFDFBD9E4FF}.Debug|Any CPU.Build.0 = Debug|Any CPU
		{6210FB2F-869F-456F-A75B-BFFDFBD9E4FF}.Debug|Any CPU.Deploy.0 = Debug|Any CPU
		{6210FB2F-869F-456F-A75B-BFFDFBD9E4FF}.Release|Any CPU.ActiveCfg = Release|Any CPU
		{6210FB2F-869F-456F-A75B-BFFDFBD9E4FF}.Release|Any CPU.Build.0 = Release|Any CPU
		{6210FB2F-869F-456F-A75B-BFFDFBD9E4FF}.Release|Any CPU.Deploy.0 = Release|Any CPU
		{2A958B6E-D3E3-4A17-9EFD-DFC2602BAFF8}.Debug|Any CPU.ActiveCfg = Debug|Any CPU
		{2A958B6E-D3E3-4A17-9EFD-DFC2602BAFF8}.Debug|Any CPU.Build.0 = Debug|Any CPU
		{2A958B6E-D3E3-4A17-9EFD-DFC2602BAFF8}.Debug|Any CPU.Deploy.0 = Debug|Any CPU
		{2A958B6E-D3E3-4A17-9EFD-DFC2602BAFF8}.Release|Any CPU.ActiveCfg = Release|Any CPU
		{2A958B6E-D3E3-4A17-9EFD-DFC2602BAFF8}.Release|Any CPU.Build.0 = Release|Any CPU
		{2A958B6E-D3E3-4A17-9EFD-DFC2602BAFF8}.Release|Any CPU.Deploy.0 = Release|Any CPU
	EndGlobalSection
	GlobalSection(SolutionProperties) = preSolution
		HideSolutionNode = FALSE
	EndGlobalSection
	GlobalSection(ExtensibilityGlobals) = postSolution
		SolutionGuid = {68353070-C72A-4888-8E9E-961BB137C5DB}
	EndGlobalSection
EndGlobal
